{
  "version": 4,
  "terraform_version": "1.12.1",
  "serial": 4,
  "lineage": "4d155b09-3aac-79ef-2932-455dec6a9ce4",
  "outputs": {},
  "resources": [
    {
      "mode": "managed",
      "type": "local_file",
      "name": "file",
      "provider": "provider[\"registry.terraform.io/hashicorp/local\"]",
      "instances": [
        {
          "schema_version": 0,
          "attributes": {
            "content": "Hello, Terragrunt!",
            "content_base64": null,
            "content_base64sha256": "qevWw8br63GQeW5LWP2Gv7Fugrl0U85W9j9+f7vYUWg=",
            "content_base64sha512": "t95ONV1fyAT3dj5+tQlnWMGP65iygxoiQwWFWHH0J/QTnMYqjT6C1Kf2im4JHYqBzEj1B9APVEkkcGT9WqcoCw==",
            "content_md5": "db611dbd80fd2e1c78e4e2ca94b6cc7e",
            "content_sha1": "1d568c39a04336581b79560b31c22bc9af60e75c",
            "content_sha256": "a9ebd6c3c6ebeb7190796e4b58fd86bfb16e82b97453ce56f63f7e7fbbd85168",
            "content_sha512": "b7de4e355d5fc804f7763e7eb5096758c18feb98b2831a224305855871f427f4139cc62a8d3e82d4a7f68a6e091d8a81cc48f507d00f5449247064fd5aa7280b",
            "directory_permission": "0777",
            "file_permission": "0777",
            "filename": "./hi.txt",
            "id": "1d568c39a04336581b79560b31c22bc9af60e75c",
            "sensitive_content": null,
            "source": null
          },
          "sensitive_attributes": [
            [
              {
                "type": "get_attr",
                "value": "sensitive_content"
              }
            ]
          ],
          "identity_schema_version": 0
        }
      ]
    }
  ],
  "check_results": null
}
