{
  "version": 4,
  "terraform_version": "1.12.1",
  "serial": 10,
  "lineage": "4d155b09-3aac-79ef-2932-455dec6a9ce4",
  "outputs": {
    "content": {
      "value": "Foo content: Mocked content from foo",
      "type": "string"
    }
  },
  "resources": [
    {
      "mode": "managed",
      "type": "local_file",
      "name": "file",
      "provider": "provider[\"registry.terraform.io/hashicorp/local\"]",
      "instances": [
        {
          "schema_version": 0,
          "attributes": {
            "content": "Foo content: Mocked content from foo",
            "content_base64": null,
            "content_base64sha256": "r0wqYfPeDd/Xz+g4BMCb9yxqo3VlWVIsMgJRH15Ssj4=",
            "content_base64sha512": "3IpnOe+PY6x2N2ANVUrR1isNYaB/CWDViRy4nwsSkrJmmCtLNzS043c24qTYJWTliRypRmqgdqp63XHPd/Khkg==",
            "content_md5": "f6905946b9ddba1b1ff92d2c0e4e7acb",
            "content_sha1": "7417aefe9bdc3ddcb3e38fd6b9c4283e26f91316",
            "content_sha256": "af4c2a61f3de0ddfd7cfe83804c09bf72c6aa3756559522c3202511f5e52b23e",
            "content_sha512": "dc8a6739ef8f63ac7637600d554ad1d62b0d61a07f0960d5891cb89f0b1292b266982b4b3734b4e37736e2a4d82564e5891ca9466aa076aa7add71cf77f2a192",
            "directory_permission": "0777",
            "file_permission": "0777",
            "filename": "./hi.txt",
            "id": "7417aefe9bdc3ddcb3e38fd6b9c4283e26f91316",
            "sensitive_content": null,
            "source": null
          },
          "sensitive_attributes": [
            [
              {
                "type": "get_attr",
                "value": "sensitive_content"
              }
            ]
          ],
          "identity_schema_version": 0
        }
      ]
    }
  ],
  "check_results": null
}
