{
  "version": 4,
  "terraform_version": "1.12.1",
  "serial": 10,
  "lineage": "4d155b09-3aac-79ef-2932-455dec6a9ce4",
  "outputs": {},
  "resources": [
    {
      "mode": "managed",
      "type": "local_file",
      "name": "file",
      "provider": "provider[\"registry.terraform.io/hashicorp/local\"]",
      "instances": [
        {
          "schema_version": 0,
          "attributes": {
            "content": "Hello from bar, Terragrunt!",
            "content_base64": null,
            "content_base64sha256": "A7GAnB3yExkW5i0fpnhmRd+Xz7XvTeo6+luMRTLTqek=",
            "content_base64sha512": "apMZLS4Mlr9mVKSIYc25ogtG4TMVSyU5kUsn1zMMIsZLTQza1DzaglVYMbAfoZamqUjI8RD63qo73gEAidIxCw==",
            "content_md5": "a8a4b457c2712e47d71aa6e663d0f0dc",
            "content_sha1": "f855394a0316da09618c8b1fde7b91e00e759f80",
            "content_sha256": "03b1809c1df2131916e62d1fa6786645df97cfb5ef4dea3afa5b8c4532d3a9e9",
            "content_sha512": "6a93192d2e0c96bf6654a48861cdb9a20b46e133154b2539914b27d7330c22c64b4d0cdad43cda82555831b01fa196a6a948c8f110fadeaa3bde010089d2310b",
            "directory_permission": "0777",
            "file_permission": "0777",
            "filename": "./hi.txt",
            "id": "f855394a0316da09618c8b1fde7b91e00e759f80",
            "sensitive_content": null,
            "source": null
          },
          "sensitive_attributes": [
            [
              {
                "type": "get_attr",
                "value": "sensitive_content"
              }
            ]
          ],
          "identity_schema_version": 0
        }
      ]
    }
  ],
  "check_results": null
}
