{
  "version": 4,
  "terraform_version": "1.8.2",
  "serial": 129,
  "lineage": "fdc8fe65-2c76-9eb4-79a8-a5fa1ad07fe2",
  "outputs": {},
  "resources": [
    {
      "mode": "managed",
      "type": "local_file",
      "name": "fileX",
      "provider": "provider[\"registry.terraform.io/hashicorp/local\"]",
      "instances": [
        {
          "schema_version": 0,
          "attributes": {
            "content": "Hi! I'm awesome!",
            "content_base64": null,
            "content_base64sha256": "4GdiVigHoyirAf0T4aPwEDBkTc2WghT9yTmDYL2FuVc=",
            "content_base64sha512": "L6kO9MYxq4HkWnwlyP+UENZ1f+TFaiH1qbiumG4/ym3PDvqv6bgXRTGEfwZ7P6rEmBofFL4TPvW+iG3MuYaq3w==",
            "content_md5": "60f98a7f9acedc77214bec8ad337856a",
            "content_sha1": "7928326544ec1fc44c7753b20e8a8eb65de636f9",
            "content_sha256": "e06762562807a328ab01fd13e1a3f01030644dcd968214fdc9398360bd85b957",
            "content_sha512": "2fa90ef4c631ab81e45a7c25c8ff9410d6757fe4c56a21f5a9b8ae986e3fca6dcf0efaafe9b8174531847f067b3faac4981a1f14be133ef5be886dccb986aadf",
            "directory_permission": "0777",
            "file_permission": "777",
            "filename": "fileX.txt",
            "id": "7928326544ec1fc44c7753b20e8a8eb65de636f9",
            "sensitive_content": null,
            "source": null
          },
          "sensitive_attributes": [
            [
              {
                "type": "get_attr",
                "value": "sensitive_content"
              }
            ]
          ]
        }
      ]
    },
    {
      "mode": "managed",
      "type": "local_file",
      "name": "testFile",
      "provider": "provider[\"registry.terraform.io/hashicorp/local\"]",
      "instances": [
        {
          "schema_version": 0,
          "attributes": {
            "content": "Hi! I'm awesome!",
            "content_base64": null,
            "content_base64sha256": "4GdiVigHoyirAf0T4aPwEDBkTc2WghT9yTmDYL2FuVc=",
            "content_base64sha512": "L6kO9MYxq4HkWnwlyP+UENZ1f+TFaiH1qbiumG4/ym3PDvqv6bgXRTGEfwZ7P6rEmBofFL4TPvW+iG3MuYaq3w==",
            "content_md5": "60f98a7f9acedc77214bec8ad337856a",
            "content_sha1": "7928326544ec1fc44c7753b20e8a8eb65de636f9",
            "content_sha256": "e06762562807a328ab01fd13e1a3f01030644dcd968214fdc9398360bd85b957",
            "content_sha512": "2fa90ef4c631ab81e45a7c25c8ff9410d6757fe4c56a21f5a9b8ae986e3fca6dcf0efaafe9b8174531847f067b3faac4981a1f14be133ef5be886dccb986aadf",
            "directory_permission": "0777",
            "file_permission": "777",
            "filename": "./test1.txt",
            "id": "7928326544ec1fc44c7753b20e8a8eb65de636f9",
            "sensitive_content": null,
            "source": null
          },
          "sensitive_attributes": [
            [
              {
                "type": "get_attr",
                "value": "sensitive_content"
              }
            ]
          ],
          "dependencies": [
            "local_file.fileX"
          ]
        }
      ]
    },
    {
      "mode": "managed",
      "type": "random_string",
      "name": "rand-str",
      "provider": "provider[\"registry.terraform.io/hashicorp/random\"]",
      "instances": [
        {
          "schema_version": 2,
          "attributes": {
            "id": "Ccyx9\u003e9fSL\u003e*2liI6eZ6A9FKDhC4BZ:G",
            "keepers": null,
            "length": 32,
            "lower": true,
            "min_lower": 0,
            "min_numeric": 0,
            "min_special": 0,
            "min_upper": 0,
            "number": true,
            "numeric": true,
            "override_special": null,
            "result": "Ccyx9\u003e9fSL\u003e*2liI6eZ6A9FKDhC4BZ:G",
            "special": true,
            "upper": true
          },
          "sensitive_attributes": []
        }
      ]
    }
  ],
  "check_results": null
}
