{
  "version": 4,
  "terraform_version": "1.8.2",
  "serial": 134,
  "lineage": "fdc8fe65-2c76-9eb4-79a8-a5fa1ad07fe2",
  "outputs": {},
  "resources": [
    {
      "mode": "managed",
      "type": "local_file",
      "name": "fileX",
      "provider": "provider[\"registry.terraform.io/hashicorp/local\"]",
      "instances": [
        {
          "schema_version": 0,
          "attributes": {
            "content": "Hi! I'm awesome (again)!",
            "content_base64": null,
            "content_base64sha256": "KXd0yggKoWse0EP21ronzlDQDAtgwLZVV63NTnR4nqI=",
            "content_base64sha512": "kq9q7NHSaI3W9+7obsBx4MBAXwIgAAM5x2s5Bk9so2zAB9GFo1YWzlM3sVoPxWmZY6k/NItIjonvqjAlhqECxQ==",
            "content_md5": "b170954526eff359aaa45de2074b6dd4",
            "content_sha1": "7e8b8832659ea6cb86e589f472aa145f35c324bf",
            "content_sha256": "297774ca080aa16b1ed043f6d6ba27ce50d00c0b60c0b65557adcd4e74789ea2",
            "content_sha512": "92af6aecd1d2688dd6f7eee86ec071e0c0405f0220000339c76b39064f6ca36cc007d185a35616ce5337b15a0fc5699963a93f348b488e89efaa302586a102c5",
            "directory_permission": "0777",
            "file_permission": "777",
            "filename": "fileX.txt",
            "id": "7e8b8832659ea6cb86e589f472aa145f35c324bf",
            "sensitive_content": null,
            "source": null
          },
          "sensitive_attributes": [
            [
              {
                "type": "get_attr",
                "value": "sensitive_content"
              }
            ]
          ]
        }
      ]
    },
    {
      "mode": "managed",
      "type": "local_file",
      "name": "testFile",
      "provider": "provider[\"registry.terraform.io/hashicorp/local\"]",
      "instances": [
        {
          "schema_version": 0,
          "attributes": {
            "content": "Ccyx9\u003e9fSL\u003e*2liI6eZ6A9FKDhC4BZ:G",
            "content_base64": null,
            "content_base64sha256": "xlS89tavQWh9DhYA2i6L1vaeJTnv2HJton1i0M9UqmU=",
            "content_base64sha512": "mj/NlMpNiZ6KYLQBZUkk4pted8UIwppb0bj/DC9YvJeytPfcOOffjwv94v01pO/63Tccs4hm7sFfOHvexjHqpg==",
            "content_md5": "09c196166a9148c641a95620deea0bac",
            "content_sha1": "6fec910225e63b5fff0136cb5fc3bb98ab0bdde0",
            "content_sha256": "c654bcf6d6af41687d0e1600da2e8bd6f69e2539efd8726da27d62d0cf54aa65",
            "content_sha512": "9a3fcd94ca4d899e8a60b401654924e29b5e77c508c29a5bd1b8ff0c2f58bc97b2b4f7dc38e7df8f0bfde2fd35a4effadd371cb38866eec15f387bdec631eaa6",
            "directory_permission": "0777",
            "file_permission": "777",
            "filename": "./test1.txt",
            "id": "6fec910225e63b5fff0136cb5fc3bb98ab0bdde0",
            "sensitive_content": null,
            "source": null
          },
          "sensitive_attributes": [
            [
              {
                "type": "get_attr",
                "value": "sensitive_content"
              }
            ]
          ],
          "dependencies": [
            "random_string.rand-str"
          ]
        }
      ]
    },
    {
      "mode": "managed",
      "type": "random_string",
      "name": "rand-str",
      "provider": "provider[\"registry.terraform.io/hashicorp/random\"]",
      "instances": [
        {
          "schema_version": 2,
          "attributes": {
            "id": "Ccyx9\u003e9fSL\u003e*2liI6eZ6A9FKDhC4BZ:G",
            "keepers": null,
            "length": 32,
            "lower": true,
            "min_lower": 0,
            "min_numeric": 0,
            "min_special": 0,
            "min_upper": 0,
            "number": true,
            "numeric": true,
            "override_special": null,
            "result": "Ccyx9\u003e9fSL\u003e*2liI6eZ6A9FKDhC4BZ:G",
            "special": true,
            "upper": true
          },
          "sensitive_attributes": []
        }
      ]
    }
  ],
  "check_results": null
}
