{
  "version": 4,
  "terraform_version": "1.12.1",
  "serial": 7,
  "lineage": "4d155b09-3aac-79ef-2932-455dec6a9ce4",
  "outputs": {},
  "resources": [
    {
      "mode": "managed",
      "type": "local_file",
      "name": "file",
      "provider": "provider[\"registry.terraform.io/hashicorp/local\"]",
      "instances": [
        {
          "schema_version": 0,
          "attributes": {
            "content": "Hello, MF!",
            "content_base64": null,
            "content_base64sha256": "p6LVaJ/laMZfJBM1Kzm7+4g1isyM4eLgKKq/gHLO0Y4=",
            "content_base64sha512": "t8xk/n0oalMMrOPE7WkxylpNgfWIVBfOFTWyEVP/wpQyCbYDsadUu8659rk6yARa8j3xyGkNK3LMcUk4lNokRA==",
            "content_md5": "1e3b4008d1152f1382b4361674ffe11f",
            "content_sha1": "a4cc9f7b5860aa135b7fe375cc46217e618880d3",
            "content_sha256": "a7a2d5689fe568c65f2413352b39bbfb88358acc8ce1e2e028aabf8072ced18e",
            "content_sha512": "b7cc64fe7d286a530cace3c4ed6931ca5a4d81f5885417ce1535b21153ffc2943209b603b1a754bbceb9f6b93ac8045af23df1c8690d2b72cc71493894da2444",
            "directory_permission": "0777",
            "file_permission": "0777",
            "filename": "./hi.txt",
            "id": "a4cc9f7b5860aa135b7fe375cc46217e618880d3",
            "sensitive_content": null,
            "source": null
          },
          "sensitive_attributes": [
            [
              {
                "type": "get_attr",
                "value": "sensitive_content"
              }
            ]
          ],
          "identity_schema_version": 0
        }
      ]
    }
  ],
  "check_results": null
}
